// !$*UTF8*$!
{
	archiveVersion = 1;
	classes = {
	};
	objectVersion = 77;
	objects = {

/* Begin PBXBuildFile section */
		F3C6BB312D858BB300B467E0 /* FirebaseAuth in Frameworks */ = {isa = PBXBuildFile; productRef = F3C6BB302D858BB300B467E0 /* FirebaseAuth */; };
		F3C6BB332D858BB300B467E0 /* FirebaseCore in Frameworks */ = {isa = PBXBuildFile; productRef = F3C6BB322D858BB300B467E0 /* FirebaseCore */; };
		F3C6BB352D858BB300B467E0 /* FirebaseDatabase in Frameworks */ = {isa = PBXBuildFile; productRef = F3C6BB342D858BB300B467E0 /* FirebaseDatabase */; };
		F3C6BB372D858BB300B467E0 /* FirebaseFirestore in Frameworks */ = {isa = PBXBuildFile; productRef = F3C6BB362D858BB300B467E0 /* FirebaseFirestore */; };
		F3C6BB392D858BB300B467E0 /* FirebaseStorage in Frameworks */ = {isa = PBXBuildFile; productRef = F3C6BB382D858BB300B467E0 /* FirebaseStorage */; };
		F3C6BB3C2D858C6800B467E0 /* GoogleSignIn in Frameworks */ = {isa = PBXBuildFile; productRef = F3C6BB3B2D858C6800B467E0 /* GoogleSignIn */; };
		F3C6BB3E2D858C6800B467E0 /* GoogleSignInSwift in Frameworks */ = {isa = PBXBuildFile; productRef = F3C6BB3D2D858C6800B467E0 /* GoogleSignInSwift */; };
		F3C6BB412D858DD000B467E0 /* MasonryStack in Frameworks */ = {isa = PBXBuildFile; productRef = F3C6BB402D858DD000B467E0 /* MasonryStack */; };
/* End PBXBuildFile section */

/* Begin PBXFileReference section */
		F3B87D102D858A9600C1AA56 /* advanced_diary_app.app */ = {isa = PBXFileReference; explicitFileType = wrapper.application; includeInIndex = 0; path = advanced_diary_app.app; sourceTree = BUILT_PRODUCTS_DIR; };
/* End PBXFileReference section */

/* Begin PBXFileSystemSynchronizedRootGroup section */
		F3B87D122D858A9600C1AA56 /* advanced_diary_app */ = {
			isa = PBXFileSystemSynchronizedRootGroup;
			path = advanced_diary_app;
			sourceTree = "<group>";
		};
/* End PBXFileSystemSynchronizedRootGroup section */

/* Begin PBXFrameworksBuildPhase section */
		F3B87D0D2D858A9600C1AA56 /* Frameworks */ = {
			isa = PBXFrameworksBuildPhase;
			buildActionMask = 2147483647;
			files = (
				F3C6BB352D858BB300B467E0 /* FirebaseDatabase in Frameworks */,
				F3C6BB372D858BB300B467E0 /* FirebaseFirestore in Frameworks */,
				F3C6BB3E2D858C6800B467E0 /* GoogleSignInSwift in Frameworks */,
				F3C6BB412D858DD000B467E0 /* MasonryStack in Frameworks */,
				F3C6BB332D858BB300B467E0 /* FirebaseCore in Frameworks */,
				F3C6BB392D858BB300B467E0 /* FirebaseStorage in Frameworks */,
				F3C6BB312D858BB300B467E0 /* FirebaseAuth in Frameworks */,
				F3C6BB3C2D858C6800B467E0 /* GoogleSignIn in Frameworks */,
			);
			runOnlyForDeploymentPostprocessing = 0;
		};
/* End PBXFrameworksBuildPhase section */

/* Begin PBXGroup section */
		F3B87D072D858A9600C1AA56 = {
			isa = PBXGroup;
			children = (
				F3B87D122D858A9600C1AA56 /* advanced_diary_app */,
				F3B87D112D858A9600C1AA56 /* Products */,
			);
			sourceTree = "<group>";
		};
		F3B87D112D858A9600C1AA56 /* Products */ = {
			isa = PBXGroup;
			children = (
				F3B87D102D858A9600C1AA56 /* advanced_diary_app.app */,
			);
			name = Products;
			sourceTree = "<group>";
		};
/* End PBXGroup section */

/* Begin PBXNativeTarget section */
		F3B87D0F2D858A9600C1AA56 /* advanced_diary_app */ = {
			isa = PBXNativeTarget;
			buildConfigurationList = F3B87D1E2D858A9700C1AA56 /* Build configuration list for PBXNativeTarget "advanced_diary_app" */;
			buildPhases = (
				F3B87D0C2D858A9600C1AA56 /* Sources */,
				F3B87D0D2D858A9600C1AA56 /* Frameworks */,
				F3B87D0E2D858A9600C1AA56 /* Resources */,
			);
			buildRules = (
			);
			dependencies = (
			);
			fileSystemSynchronizedGroups = (
				F3B87D122D858A9600C1AA56 /* advanced_diary_app */,
			);
			name = advanced_diary_app;
			packageProductDependencies = (
				F3C6BB302D858BB300B467E0 /* FirebaseAuth */,
				F3C6BB322D858BB300B467E0 /* FirebaseCore */,
				F3C6BB342D858BB300B467E0 /* FirebaseDatabase */,
				F3C6BB362D858BB300B467E0 /* FirebaseFirestore */,
				F3C6BB382D858BB300B467E0 /* FirebaseStorage */,
				F3C6BB3B2D858C6800B467E0 /* GoogleSignIn */,
				F3C6BB3D2D858C6800B467E0 /* GoogleSignInSwift */,
				F3C6BB402D858DD000B467E0 /* MasonryStack */,
			);
			productName = advanced_diary_app;
			productReference = F3B87D102D858A9600C1AA56 /* advanced_diary_app.app */;
			productType = "com.apple.product-type.application";
		};
/* End PBXNativeTarget section */

/* Begin PBXProject section */
		F3B87D082D858A9600C1AA56 /* Project object */ = {
			isa = PBXProject;
			attributes = {
				BuildIndependentTargetsInParallel = 1;
				LastSwiftUpdateCheck = 1620;
				LastUpgradeCheck = 1620;
				TargetAttributes = {
					F3B87D0F2D858A9600C1AA56 = {
						CreatedOnToolsVersion = 16.2;
					};
				};
			};
			buildConfigurationList = F3B87D0B2D858A9600C1AA56 /* Build configuration list for PBXProject "advanced_diary_app" */;
			developmentRegion = en;
			hasScannedForEncodings = 0;
			knownRegions = (
				en,
				Base,
			);
			mainGroup = F3B87D072D858A9600C1AA56;
			minimizedProjectReferenceProxies = 1;
			packageReferences = (
				F3C6BB2F2D858BB300B467E0 /* XCRemoteSwiftPackageReference "firebase-ios-sdk" */,
				F3C6BB3A2D858C6800B467E0 /* XCRemoteSwiftPackageReference "GoogleSignIn-iOS" */,
				F3C6BB3F2D858DD000B467E0 /* XCRemoteSwiftPackageReference "MasonryStack" */,
			);
			preferredProjectObjectVersion = 77;
			productRefGroup = F3B87D112D858A9600C1AA56 /* Products */;
			projectDirPath = "";
			projectRoot = "";
			targets = (
				F3B87D0F2D858A9600C1AA56 /* advanced_diary_app */,
			);
		};
/* End PBXProject section */

/* Begin PBXResourcesBuildPhase section */
		F3B87D0E2D858A9600C1AA56 /* Resources */ = {
			isa = PBXResourcesBuildPhase;
			buildActionMask = 2147483647;
			files = (
			);
			runOnlyForDeploymentPostprocessing = 0;
		};
/* End PBXResourcesBuildPhase section */

/* Begin PBXSourcesBuildPhase section */
		F3B87D0C2D858A9600C1AA56 /* Sources */ = {
			isa = PBXSourcesBuildPhase;
			buildActionMask = 2147483647;
			files = (
			);
			runOnlyForDeploymentPostprocessing = 0;
		};
/* End PBXSourcesBuildPhase section */

/* Begin XCBuildConfiguration section */
		F3B87D1C2D858A9700C1AA56 /* Debug */ = {
			isa = XCBuildConfiguration;
			buildSettings = {
				ALWAYS_SEARCH_USER_PATHS = NO;
				ASSETCATALOG_COMPILER_GENERATE_SWIFT_ASSET_SYMBOL_EXTENSIONS = YES;
				CLANG_ANALYZER_NONNULL = YES;
				CLANG_ANALYZER_NUMBER_OBJECT_CONVERSION = YES_AGGRESSIVE;
				CLANG_CXX_LANGUAGE_STANDARD = "gnu++20";
				CLANG_ENABLE_MODULES = YES;
				CLANG_ENABLE_OBJC_ARC = YES;
				CLANG_ENABLE_OBJC_WEAK = YES;
				CLANG_WARN_BLOCK_CAPTURE_AUTORELEASING = YES;
				CLANG_WARN_BOOL_CONVERSION = YES;
				CLANG_WARN_COMMA = YES;
				CLANG_WARN_CONSTANT_CONVERSION = YES;
				CLANG_WARN_DEPRECATED_OBJC_IMPLEMENTATIONS = YES;
				CLANG_WARN_DIRECT_OBJC_ISA_USAGE = YES_ERROR;
				CLANG_WARN_DOCUMENTATION_COMMENTS = YES;
				CLANG_WARN_EMPTY_BODY = YES;
				CLANG_WARN_ENUM_CONVERSION = YES;
				CLANG_WARN_INFINITE_RECURSION = YES;
				CLANG_WARN_INT_CONVERSION = YES;
				CLANG_WARN_NON_LITERAL_NULL_CONVERSION = YES;
				CLANG_WARN_OBJC_IMPLICIT_RETAIN_SELF = YES;
				CLANG_WARN_OBJC_LITERAL_CONVERSION = YES;
				CLANG_WARN_OBJC_ROOT_CLASS = YES_ERROR;
				CLANG_WARN_QUOTED_INCLUDE_IN_FRAMEWORK_HEADER = YES;
				CLANG_WARN_RANGE_LOOP_ANALYSIS = YES;
				CLANG_WARN_STRICT_PROTOTYPES = YES;
				CLANG_WARN_SUSPICIOUS_MOVE = YES;
				CLANG_WARN_UNGUARDED_AVAILABILITY = YES_AGGRESSIVE;
				CLANG_WARN_UNREACHABLE_CODE = YES;
				CLANG_WARN__DUPLICATE_METHOD_MATCH = YES;
				COPY_PHASE_STRIP = NO;
				DEBUG_INFORMATION_FORMAT = dwarf;
				ENABLE_STRICT_OBJC_MSGSEND = YES;
				ENABLE_TESTABILITY = YES;
				ENABLE_USER_SCRIPT_SANDBOXING = YES;
				GCC_C_LANGUAGE_STANDARD = gnu17;
				GCC_DYNAMIC_NO_PIC = NO;
				GCC_NO_COMMON_BLOCKS = YES;
				GCC_OPTIMIZATION_LEVEL = 0;
				GCC_PREPROCESSOR_DEFINITIONS = (
					"DEBUG=1",
					"$(inherited)",
				);
				GCC_WARN_64_TO_32_BIT_CONVERSION = YES;
				GCC_WARN_ABOUT_RETURN_TYPE = YES_ERROR;
				GCC_WARN_UNDECLARED_SELECTOR = YES;
				GCC_WARN_UNINITIALIZED_AUTOS = YES_AGGRESSIVE;
				GCC_WARN_UNUSED_FUNCTION = YES;
				GCC_WARN_UNUSED_VARIABLE = YES;
				IPHONEOS_DEPLOYMENT_TARGET = 18.2;
				LOCALIZATION_PREFERS_STRING_CATALOGS = YES;
				MTL_ENABLE_DEBUG_INFO = INCLUDE_SOURCE;
				MTL_FAST_MATH = YES;
				ONLY_ACTIVE_ARCH = YES;
				SDKROOT = iphoneos;
				SWIFT_ACTIVE_COMPILATION_CONDITIONS = "DEBUG $(inherited)";
				SWIFT_OPTIMIZATION_LEVEL = "-Onone";
			};
			name = Debug;
		};
		F3B87D1D2D858A9700C1AA56 /* Release */ = {
			isa = XCBuildConfiguration;
			buildSettings = {
				ALWAYS_SEARCH_USER_PATHS = NO;
				ASSETCATALOG_COMPILER_GENERATE_SWIFT_ASSET_SYMBOL_EXTENSIONS = YES;
				CLANG_ANALYZER_NONNULL = YES;
				CLANG_ANALYZER_NUMBER_OBJECT_CONVERSION = YES_AGGRESSIVE;
				CLANG_CXX_LANGUAGE_STANDARD = "gnu++20";
				CLANG_ENABLE_MODULES = YES;
				CLANG_ENABLE_OBJC_ARC = YES;
				CLANG_ENABLE_OBJC_WEAK = YES;
				CLANG_WARN_BLOCK_CAPTURE_AUTORELEASING = YES;
				CLANG_WARN_BOOL_CONVERSION = YES;
				CLANG_WARN_COMMA = YES;
				CLANG_WARN_CONSTANT_CONVERSION = YES;
				CLANG_WARN_DEPRECATED_OBJC_IMPLEMENTATIONS = YES;
				CLANG_WARN_DIRECT_OBJC_ISA_USAGE = YES_ERROR;
				CLANG_WARN_DOCUMENTATION_COMMENTS = YES;
				CLANG_WARN_EMPTY_BODY = YES;
				CLANG_WARN_ENUM_CONVERSION = YES;
				CLANG_WARN_INFINITE_RECURSION = YES;
				CLANG_WARN_INT_CONVERSION = YES;
				CLANG_WARN_NON_LITERAL_NULL_CONVERSION = YES;
				CLANG_WARN_OBJC_IMPLICIT_RETAIN_SELF = YES;
				CLANG_WARN_OBJC_LITERAL_CONVERSION = YES;
				CLANG_WARN_OBJC_ROOT_CLASS = YES_ERROR;
				CLANG_WARN_QUOTED_INCLUDE_IN_FRAMEWORK_HEADER = YES;
				CLANG_WARN_RANGE_LOOP_ANALYSIS = YES;
				CLANG_WARN_STRICT_PROTOTYPES = YES;
				CLANG_WARN_SUSPICIOUS_MOVE = YES;
				CLANG_WARN_UNGUARDED_AVAILABILITY = YES_AGGRESSIVE;
				CLANG_WARN_UNREACHABLE_CODE = YES;
				CLANG_WARN__DUPLICATE_METHOD_MATCH = YES;
				COPY_PHASE_STRIP = NO;
				DEBUG_INFORMATION_FORMAT = "dwarf-with-dsym";
				ENABLE_NS_ASSERTIONS = NO;
				ENABLE_STRICT_OBJC_MSGSEND = YES;
				ENABLE_USER_SCRIPT_SANDBOXING = YES;
				GCC_C_LANGUAGE_STANDARD = gnu17;
				GCC_NO_COMMON_BLOCKS = YES;
				GCC_WARN_64_TO_32_BIT_CONVERSION = YES;
				GCC_WARN_ABOUT_RETURN_TYPE = YES_ERROR;
				GCC_WARN_UNDECLARED_SELECTOR = YES;
				GCC_WARN_UNINITIALIZED_AUTOS = YES_AGGRESSIVE;
				GCC_WARN_UNUSED_FUNCTION = YES;
				GCC_WARN_UNUSED_VARIABLE = YES;
				IPHONEOS_DEPLOYMENT_TARGET = 18.2;
				LOCALIZATION_PREFERS_STRING_CATALOGS = YES;
				MTL_ENABLE_DEBUG_INFO = NO;
				MTL_FAST_MATH = YES;
				SDKROOT = iphoneos;
				SWIFT_COMPILATION_MODE = wholemodule;
				VALIDATE_PRODUCT = YES;
			};
			name = Release;
		};
		F3B87D1F2D858A9700C1AA56 /* Debug */ = {
			isa = XCBuildConfiguration;
			buildSettings = {
				ASSETCATALOG_COMPILER_APPICON_NAME = AppIcon;
				ASSETCATALOG_COMPILER_GLOBAL_ACCENT_COLOR_NAME = AccentColor;
				CODE_SIGN_STYLE = Automatic;
				CURRENT_PROJECT_VERSION = 1;
				DEVELOPMENT_ASSET_PATHS = "\"advanced_diary_app/Preview Content\"";
				DEVELOPMENT_TEAM = Y35A5D3V8W;
				ENABLE_PREVIEWS = YES;
				GENERATE_INFOPLIST_FILE = YES;
				INFOPLIST_FILE = "advanced-diary-app-Info.plist";
				INFOPLIST_KEY_UIApplicationSceneManifest_Generation = YES;
				INFOPLIST_KEY_UIApplicationSupportsIndirectInputEvents = YES;
				INFOPLIST_KEY_UILaunchScreen_Generation = YES;
				INFOPLIST_KEY_UISupportedInterfaceOrientations_iPad = "UIInterfaceOrientationPortrait UIInterfaceOrientationPortraitUpsideDown UIInterfaceOrientationLandscapeLeft UIInterfaceOrientationLandscapeRight";
				INFOPLIST_KEY_UISupportedInterfaceOrientations_iPhone = "UIInterfaceOrientationPortrait UIInterfaceOrientationLandscapeLeft UIInterfaceOrientationLandscapeRight";
				LD_RUNPATH_SEARCH_PATHS = (
					"$(inherited)",
					"@executable_path/Frameworks",
				);
				MARKETING_VERSION = 1.0;
				PRODUCT_BUNDLE_IDENTIFIER = "mobile-module.advanced-diary-app";
				PRODUCT_NAME = "$(TARGET_NAME)";
				SWIFT_EMIT_LOC_STRINGS = YES;
				SWIFT_VERSION = 5.0;
				TARGETED_DEVICE_FAMILY = "1,2";
			};
			name = Debug;
		};
		F3B87D202D858A9700C1AA56 /* Release */ = {
			isa = XCBuildConfiguration;
			buildSettings = {
				ASSETCATALOG_COMPILER_APPICON_NAME = AppIcon;
				ASSETCATALOG_COMPILER_GLOBAL_ACCENT_COLOR_NAME = AccentColor;
				CODE_SIGN_STYLE = Automatic;
				CURRENT_PROJECT_VERSION = 1;
				DEVELOPMENT_ASSET_PATHS = "\"advanced_diary_app/Preview Content\"";
				DEVELOPMENT_TEAM = Y35A5D3V8W;
				ENABLE_PREVIEWS = YES;
				GENERATE_INFOPLIST_FILE = YES;
				INFOPLIST_FILE = "advanced-diary-app-Info.plist";
				INFOPLIST_KEY_UIApplicationSceneManifest_Generation = YES;
				INFOPLIST_KEY_UIApplicationSupportsIndirectInputEvents = YES;
				INFOPLIST_KEY_UILaunchScreen_Generation = YES;
				INFOPLIST_KEY_UISupportedInterfaceOrientations_iPad = "UIInterfaceOrientationPortrait UIInterfaceOrientationPortraitUpsideDown UIInterfaceOrientationLandscapeLeft UIInterfaceOrientationLandscapeRight";
				INFOPLIST_KEY_UISupportedInterfaceOrientations_iPhone = "UIInterfaceOrientationPortrait UIInterfaceOrientationLandscapeLeft UIInterfaceOrientationLandscapeRight";
				LD_RUNPATH_SEARCH_PATHS = (
					"$(inherited)",
					"@executable_path/Frameworks",
				);
				MARKETING_VERSION = 1.0;
				PRODUCT_BUNDLE_IDENTIFIER = "mobile-module.advanced-diary-app";
				PRODUCT_NAME = "$(TARGET_NAME)";
				SWIFT_EMIT_LOC_STRINGS = YES;
				SWIFT_VERSION = 5.0;
				TARGETED_DEVICE_FAMILY = "1,2";
			};
			name = Release;
		};
/* End XCBuildConfiguration section */

/* Begin XCConfigurationList section */
		F3B87D0B2D858A9600C1AA56 /* Build configuration list for PBXProject "advanced_diary_app" */ = {
			isa = XCConfigurationList;
			buildConfigurations = (
				F3B87D1C2D858A9700C1AA56 /* Debug */,
				F3B87D1D2D858A9700C1AA56 /* Release */,
			);
			defaultConfigurationIsVisible = 0;
			defaultConfigurationName = Release;
		};
		F3B87D1E2D858A9700C1AA56 /* Build configuration list for PBXNativeTarget "advanced_diary_app" */ = {
			isa = XCConfigurationList;
			buildConfigurations = (
				F3B87D1F2D858A9700C1AA56 /* Debug */,
				F3B87D202D858A9700C1AA56 /* Release */,
			);
			defaultConfigurationIsVisible = 0;
			defaultConfigurationName = Release;
		};
/* End XCConfigurationList section */

/* Begin XCRemoteSwiftPackageReference section */
		F3C6BB2F2D858BB300B467E0 /* XCRemoteSwiftPackageReference "firebase-ios-sdk" */ = {
			isa = XCRemoteSwiftPackageReference;
			repositoryURL = "https://github.com/firebase/firebase-ios-sdk.git";
			requirement = {
				kind = upToNextMajorVersion;
				minimumVersion = 11.9.0;
			};
		};
		F3C6BB3A2D858C6800B467E0 /* XCRemoteSwiftPackageReference "GoogleSignIn-iOS" */ = {
			isa = XCRemoteSwiftPackageReference;
			repositoryURL = "https://github.com/google/GoogleSignIn-iOS.git";
			requirement = {
				kind = upToNextMajorVersion;
				minimumVersion = 8.0.0;
			};
		};
		F3C6BB3F2D858DD000B467E0 /* XCRemoteSwiftPackageReference "MasonryStack" */ = {
			isa = XCRemoteSwiftPackageReference;
			repositoryURL = "https://github.com/lukepistrol/MasonryStack.git";
			requirement = {
				kind = upToNextMajorVersion;
				minimumVersion = 0.1.0;
			};
		};
/* End XCRemoteSwiftPackageReference section */

/* Begin XCSwiftPackageProductDependency section */
		F3C6BB302D858BB300B467E0 /* FirebaseAuth */ = {
			isa = XCSwiftPackageProductDependency;
			package = F3C6BB2F2D858BB300B467E0 /* XCRemoteSwiftPackageReference "firebase-ios-sdk" */;
			productName = FirebaseAuth;
		};
		F3C6BB322D858BB300B467E0 /* FirebaseCore */ = {
			isa = XCSwiftPackageProductDependency;
			package = F3C6BB2F2D858BB300B467E0 /* XCRemoteSwiftPackageReference "firebase-ios-sdk" */;
			productName = FirebaseCore;
		};
		F3C6BB342D858BB300B467E0 /* FirebaseDatabase */ = {
			isa = XCSwiftPackageProductDependency;
			package = F3C6BB2F2D858BB300B467E0 /* XCRemoteSwiftPackageReference "firebase-ios-sdk" */;
			productName = FirebaseDatabase;
		};
		F3C6BB362D858BB300B467E0 /* FirebaseFirestore */ = {
			isa = XCSwiftPackageProductDependency;
			package = F3C6BB2F2D858BB300B467E0 /* XCRemoteSwiftPackageReference "firebase-ios-sdk" */;
			productName = FirebaseFirestore;
		};
		F3C6BB382D858BB300B467E0 /* FirebaseStorage */ = {
			isa = XCSwiftPackageProductDependency;
			package = F3C6BB2F2D858BB300B467E0 /* XCRemoteSwiftPackageReference "firebase-ios-sdk" */;
			productName = FirebaseStorage;
		};
		F3C6BB3B2D858C6800B467E0 /* GoogleSignIn */ = {
			isa = XCSwiftPackageProductDependency;
			package = F3C6BB3A2D858C6800B467E0 /* XCRemoteSwiftPackageReference "GoogleSignIn-iOS" */;
			productName = GoogleSignIn;
		};
		F3C6BB3D2D858C6800B467E0 /* GoogleSignInSwift */ = {
			isa = XCSwiftPackageProductDependency;
			package = F3C6BB3A2D858C6800B467E0 /* XCRemoteSwiftPackageReference "GoogleSignIn-iOS" */;
			productName = GoogleSignInSwift;
		};
		F3C6BB402D858DD000B467E0 /* MasonryStack */ = {
			isa = XCSwiftPackageProductDependency;
			package = F3C6BB3F2D858DD000B467E0 /* XCRemoteSwiftPackageReference "MasonryStack" */;
			productName = MasonryStack;
		};
/* End XCSwiftPackageProductDependency section */
	};
	rootObject = F3B87D082D858A9600C1AA56 /* Project object */;
}
